
Microsoft Visual Studio Solution File, Format Version 12.00
# Visual Studio 2012
Project("{E24C65DC-7377-472B-9ABA-BC803B73C61A}") = "ADO", "ADO\", "{10A46B17-4B6B-4E54-BEBB-A4A145E77A8A}"
	ProjectSection(WebsiteProperties) = preProject
		TargetFrameworkMoniker = ".NETFramework,Version%3Dv4.0"
		Debug.AspNetCompiler.VirtualPath = "/ADO"
		Debug.AspNetCompiler.PhysicalPath = "D:\AbinashMishra\ADO\"
		Debug.AspNetCompiler.TargetPath = "PrecompiledWeb\ADO\"
		Debug.AspNetCompiler.Updateable = "true"
		Debug.AspNetCompiler.ForceOverwrite = "true"
		Debug.AspNetCompiler.FixedNames = "false"
		Debug.AspNetCompiler.Debug = "True"
		Release.AspNetCompiler.VirtualPath = "/ADO"
		Release.AspNetCompiler.PhysicalPath = "D:\AbinashMishra\ADO\"
		Release.AspNetCompiler.TargetPath = "PrecompiledWeb\ADO\"
		Release.AspNetCompiler.Updateable = "true"
		Release.AspNetCompiler.ForceOverwrite = "true"
		Release.AspNetCompiler.FixedNames = "false"
		Release.AspNetCompiler.Debug = "False"
		VWDPort = "64553"
	EndProjectSection
EndProject
Global
	GlobalSection(SolutionConfigurationPlatforms) = preSolution
		Debug|Any CPU = Debug|Any CPU
	EndGlobalSection
	GlobalSection(ProjectConfigurationPlatforms) = postSolution
		{10A46B17-4B6B-4E54-BEBB-A4A145E77A8A}.Debug|Any CPU.ActiveCfg = Debug|Any CPU
		{10A46B17-4B6B-4E54-BEBB-A4A145E77A8A}.Debug|Any CPU.Build.0 = Debug|Any CPU
	EndGlobalSection
	GlobalSection(SolutionProperties) = preSolution
		HideSolutionNode = FALSE
	EndGlobalSection
EndGlobal
