
Microsoft Visual Studio Solution File, Format Version 12.00
# Visual Studio 2012
Project("{FAE04EC0-301F-11D3-BF4B-00C04F79EFBC}") = "EntitiesLib", "ClassLibrary1\EntitiesLib.csproj", "{B29A8589-B726-464A-B87D-912477DECCC6}"
EndProject
Project("{FAE04EC0-301F-11D3-BF4B-00C04F79EFBC}") = "EmployeeDALLib", "ClassLibrary2\EmployeeDALLib.csproj", "{8A087D27-83C2-43F1-82F0-22A02ADB4FEE}"
EndProject
Project("{FAE04EC0-301F-11D3-BF4B-00C04F79EFBC}") = "EmpBusinessLayer", "EmpBusinessLayer\EmpBusinessLayer.csproj", "{02D829F0-484F-4D50-96AA-199397C79077}"
EndProject
Project("{FAE04EC0-301F-11D3-BF4B-00C04F79EFBC}") = "EmpConosoleApp", "EmpConosoleApp\EmpConosoleApp.csproj", "{97BB2759-2229-483C-89EB-96F1625A7AF6}"
EndProject
Global
	GlobalSection(SolutionConfigurationPlatforms) = preSolution
		Debug|Any CPU = Debug|Any CPU
		Release|Any CPU = Release|Any CPU
	EndGlobalSection
	GlobalSection(ProjectConfigurationPlatforms) = postSolution
		{B29A8589-B726-464A-B87D-912477DECCC6}.Debug|Any CPU.ActiveCfg = Debug|Any CPU
		{B29A8589-B726-464A-B87D-912477DECCC6}.Debug|Any CPU.Build.0 = Debug|Any CPU
		{B29A8589-B726-464A-B87D-912477DECCC6}.Release|Any CPU.ActiveCfg = Release|Any CPU
		{B29A8589-B726-464A-B87D-912477DECCC6}.Release|Any CPU.Build.0 = Release|Any CPU
		{8A087D27-83C2-43F1-82F0-22A02ADB4FEE}.Debug|Any CPU.ActiveCfg = Debug|Any CPU
		{8A087D27-83C2-43F1-82F0-22A02ADB4FEE}.Debug|Any CPU.Build.0 = Debug|Any CPU
		{8A087D27-83C2-43F1-82F0-22A02ADB4FEE}.Release|Any CPU.ActiveCfg = Release|Any CPU
		{8A087D27-83C2-43F1-82F0-22A02ADB4FEE}.Release|Any CPU.Build.0 = Release|Any CPU
		{02D829F0-484F-4D50-96AA-199397C79077}.Debug|Any CPU.ActiveCfg = Debug|Any CPU
		{02D829F0-484F-4D50-96AA-199397C79077}.Debug|Any CPU.Build.0 = Debug|Any CPU
		{02D829F0-484F-4D50-96AA-199397C79077}.Release|Any CPU.ActiveCfg = Release|Any CPU
		{02D829F0-484F-4D50-96AA-199397C79077}.Release|Any CPU.Build.0 = Release|Any CPU
		{97BB2759-2229-483C-89EB-96F1625A7AF6}.Debug|Any CPU.ActiveCfg = Debug|Any CPU
		{97BB2759-2229-483C-89EB-96F1625A7AF6}.Debug|Any CPU.Build.0 = Debug|Any CPU
		{97BB2759-2229-483C-89EB-96F1625A7AF6}.Release|Any CPU.ActiveCfg = Release|Any CPU
		{97BB2759-2229-483C-89EB-96F1625A7AF6}.Release|Any CPU.Build.0 = Release|Any CPU
	EndGlobalSection
	GlobalSection(SolutionProperties) = preSolution
		HideSolutionNode = FALSE
	EndGlobalSection
EndGlobal
