
Microsoft Visual Studio Solution File, Format Version 12.00
# Visual Studio 2012
Project("{FAE04EC0-301F-11D3-BF4B-00C04F79EFBC}") = "EntitiesLib", "EntitiesLib\EntitiesLib.csproj", "{03855F15-6C36-402C-B54E-EEF6880DCBCA}"
EndProject
Project("{FAE04EC0-301F-11D3-BF4B-00C04F79EFBC}") = "BookDALLib", "BookDALLib\BookDALLib.csproj", "{93652121-1ED3-49E2-A3CC-26F2B45799E8}"
EndProject
Project("{FAE04EC0-301F-11D3-BF4B-00C04F79EFBC}") = "BookBLL", "BookBLL\BookBLL.csproj", "{4BCF8EEE-AA4F-438B-9FD5-663BDC6A0BC0}"
EndProject
Project("{FAE04EC0-301F-11D3-BF4B-00C04F79EFBC}") = "BookApplication", "BookApplication\BookApplication.csproj", "{C03C05B9-3614-439A-A70A-B7F4CB8F9CC4}"
EndProject
Global
	GlobalSection(SolutionConfigurationPlatforms) = preSolution
		Debug|Any CPU = Debug|Any CPU
		Release|Any CPU = Release|Any CPU
	EndGlobalSection
	GlobalSection(ProjectConfigurationPlatforms) = postSolution
		{03855F15-6C36-402C-B54E-EEF6880DCBCA}.Debug|Any CPU.ActiveCfg = Debug|Any CPU
		{03855F15-6C36-402C-B54E-EEF6880DCBCA}.Debug|Any CPU.Build.0 = Debug|Any CPU
		{03855F15-6C36-402C-B54E-EEF6880DCBCA}.Release|Any CPU.ActiveCfg = Release|Any CPU
		{03855F15-6C36-402C-B54E-EEF6880DCBCA}.Release|Any CPU.Build.0 = Release|Any CPU
		{93652121-1ED3-49E2-A3CC-26F2B45799E8}.Debug|Any CPU.ActiveCfg = Debug|Any CPU
		{93652121-1ED3-49E2-A3CC-26F2B45799E8}.Debug|Any CPU.Build.0 = Debug|Any CPU
		{93652121-1ED3-49E2-A3CC-26F2B45799E8}.Release|Any CPU.ActiveCfg = Release|Any CPU
		{93652121-1ED3-49E2-A3CC-26F2B45799E8}.Release|Any CPU.Build.0 = Release|Any CPU
		{4BCF8EEE-AA4F-438B-9FD5-663BDC6A0BC0}.Debug|Any CPU.ActiveCfg = Debug|Any CPU
		{4BCF8EEE-AA4F-438B-9FD5-663BDC6A0BC0}.Debug|Any CPU.Build.0 = Debug|Any CPU
		{4BCF8EEE-AA4F-438B-9FD5-663BDC6A0BC0}.Release|Any CPU.ActiveCfg = Release|Any CPU
		{4BCF8EEE-AA4F-438B-9FD5-663BDC6A0BC0}.Release|Any CPU.Build.0 = Release|Any CPU
		{C03C05B9-3614-439A-A70A-B7F4CB8F9CC4}.Debug|Any CPU.ActiveCfg = Debug|Any CPU
		{C03C05B9-3614-439A-A70A-B7F4CB8F9CC4}.Debug|Any CPU.Build.0 = Debug|Any CPU
		{C03C05B9-3614-439A-A70A-B7F4CB8F9CC4}.Release|Any CPU.ActiveCfg = Release|Any CPU
		{C03C05B9-3614-439A-A70A-B7F4CB8F9CC4}.Release|Any CPU.Build.0 = Release|Any CPU
	EndGlobalSection
	GlobalSection(SolutionProperties) = preSolution
		HideSolutionNode = FALSE
	EndGlobalSection
EndGlobal
